
Microsoft Visual Studio Solution File, Format Version 12.00
# Visual Studio 15
VisualStudioVersion = 15.0.28307.852
MinimumVisualStudioVersion = 10.0.40219.1
Project("{FAE04EC0-301F-11D3-BF4B-00C04F79EFBC}") = "CAGD", "CAGD\CAGD.csproj", "{C525C65D-1B6E-41B7-ADFF-A92874104CC3}"
EndProject
Global
	GlobalSection(SolutionConfigurationPlatforms) = preSolution
		Debug|Any CPU = Debug|Any CPU
		Release|Any CPU = Release|Any CPU
	EndGlobalSection
	GlobalSection(ProjectConfigurationPlatforms) = postSolution
		{C525C65D-1B6E-41B7-ADFF-A92874104CC3}.Debug|Any CPU.ActiveCfg = Debug|Any CPU
		{C525C65D-1B6E-41B7-ADFF-A92874104CC3}.Debug|Any CPU.Build.0 = Debug|Any CPU
		{C525C65D-1B6E-41B7-ADFF-A92874104CC3}.Release|Any CPU.ActiveCfg = Release|Any CPU
		{C525C65D-1B6E-41B7-ADFF-A92874104CC3}.Release|Any CPU.Build.0 = Release|Any CPU
	EndGlobalSection
	GlobalSection(SolutionProperties) = preSolution
		HideSolutionNode = FALSE
	EndGlobalSection
	GlobalSection(ExtensibilityGlobals) = postSolution
		SolutionGuid = {F4B2F5C1-611A-42EF-BB77-B466C42B2E60}
	EndGlobalSection
EndGlobal
